[root]
name = "confgen"
version = "0.1.0"
dependencies = [
 "yaml-rust 0.3.4 (git+https://github.com/fateknot/yaml-rust.git)",
]

[[package]]
name = "yaml-rust"
version = "0.3.4"
source = "git+https://github.com/fateknot/yaml-rust.git#dddb441c014cdbebc1581b345a8dc96483086310"

[metadata]
"checksum yaml-rust 0.3.4 (git+https://github.com/fateknot/yaml-rust.git)" = "<none>"
