[root]
name = "confgen"
version = "0.1.1"
dependencies = [
 "strfmt 0.1.5 (registry+https://github.com/rust-lang/crates.io-index)",
 "yaml-rust 0.3.5 (registry+https://github.com/rust-lang/crates.io-index)",
]

[[package]]
name = "strfmt"
version = "0.1.5"
source = "registry+https://github.com/rust-lang/crates.io-index"

[[package]]
name = "yaml-rust"
version = "0.3.5"
source = "registry+https://github.com/rust-lang/crates.io-index"

[metadata]
"checksum strfmt 0.1.5 (registry+https://github.com/rust-lang/crates.io-index)" = "c6ca97d0705fce080739a3ba7170279e4c87900817a0219ed8cbb7b6db7db220"
"checksum yaml-rust 0.3.5 (registry+https://github.com/rust-lang/crates.io-index)" = "e66366e18dc58b46801afbf2ca7661a9f59cc8c5962c29892b6039b4f86fa992"
